
Microsoft Visual Studio Solution File, Format Version 12.00
# Visual Studio Version 16
VisualStudioVersion = 16.0.32901.82
MinimumVisualStudioVersion = 10.0.40219.1
Project("{FAE04EC0-301F-11D3-BF4B-00C04F79EFBC}") = "CustomerOrderLibrary", "CustomerOrderLibrary\CustomerOrderLibrary.csproj", "{78970634-AE5E-4CB7-A4F7-27DC2EBAEC1E}"
EndProject
Project("{FAE04EC0-301F-11D3-BF4B-00C04F79EFBC}") = "CustomerOrderServiceTest1", "CustomerOrderServiceTest1\CustomerOrderServiceTest1.csproj", "{79368CF4-0C83-40F3-8150-A93B38F5588D}"
EndProject
Global
	GlobalSection(SolutionConfigurationPlatforms) = preSolution
		Debug|Any CPU = Debug|Any CPU
		Release|Any CPU = Release|Any CPU
	EndGlobalSection
	GlobalSection(ProjectConfigurationPlatforms) = postSolution
		{78970634-AE5E-4CB7-A4F7-27DC2EBAEC1E}.Debug|Any CPU.ActiveCfg = Debug|Any CPU
		{78970634-AE5E-4CB7-A4F7-27DC2EBAEC1E}.Debug|Any CPU.Build.0 = Debug|Any CPU
		{78970634-AE5E-4CB7-A4F7-27DC2EBAEC1E}.Release|Any CPU.ActiveCfg = Release|Any CPU
		{78970634-AE5E-4CB7-A4F7-27DC2EBAEC1E}.Release|Any CPU.Build.0 = Release|Any CPU
		{79368CF4-0C83-40F3-8150-A93B38F5588D}.Debug|Any CPU.ActiveCfg = Debug|Any CPU
		{79368CF4-0C83-40F3-8150-A93B38F5588D}.Debug|Any CPU.Build.0 = Debug|Any CPU
		{79368CF4-0C83-40F3-8150-A93B38F5588D}.Release|Any CPU.ActiveCfg = Release|Any CPU
		{79368CF4-0C83-40F3-8150-A93B38F5588D}.Release|Any CPU.Build.0 = Release|Any CPU
	EndGlobalSection
	GlobalSection(SolutionProperties) = preSolution
		HideSolutionNode = FALSE
	EndGlobalSection
	GlobalSection(ExtensibilityGlobals) = postSolution
		SolutionGuid = {67AA8EF0-01FF-4056-B3D2-242F4E77AFC6}
	EndGlobalSection
EndGlobal
