
Microsoft Visual Studio Solution File, Format Version 12.00
# Visual Studio Version 16
VisualStudioVersion = 16.0.32901.82
MinimumVisualStudioVersion = 10.0.40219.1
Project("{FAE04EC0-301F-11D3-BF4B-00C04F79EFBC}") = "practise 9", "practise 9\practise 9.csproj", "{6A21AA1D-E17E-4BCA-8348-7E5BE4149E7D}"
EndProject
Global
	GlobalSection(SolutionConfigurationPlatforms) = preSolution
		Debug|Any CPU = Debug|Any CPU
		Release|Any CPU = Release|Any CPU
	EndGlobalSection
	GlobalSection(ProjectConfigurationPlatforms) = postSolution
		{6A21AA1D-E17E-4BCA-8348-7E5BE4149E7D}.Debug|Any CPU.ActiveCfg = Debug|Any CPU
		{6A21AA1D-E17E-4BCA-8348-7E5BE4149E7D}.Debug|Any CPU.Build.0 = Debug|Any CPU
		{6A21AA1D-E17E-4BCA-8348-7E5BE4149E7D}.Release|Any CPU.ActiveCfg = Release|Any CPU
		{6A21AA1D-E17E-4BCA-8348-7E5BE4149E7D}.Release|Any CPU.Build.0 = Release|Any CPU
	EndGlobalSection
	GlobalSection(SolutionProperties) = preSolution
		HideSolutionNode = FALSE
	EndGlobalSection
	GlobalSection(ExtensibilityGlobals) = postSolution
		SolutionGuid = {8145CD7A-D8AB-4176-85D6-5F9E5A10F46C}
	EndGlobalSection
EndGlobal
