
Microsoft Visual Studio Solution File, Format Version 12.00
# Visual Studio Version 16
VisualStudioVersion = 16.0.32901.82
MinimumVisualStudioVersion = 10.0.40219.1
Project("{FAE04EC0-301F-11D3-BF4B-00C04F79EFBC}") = "List", "List\List.csproj", "{1073D74D-5623-4E7A-8D6D-2C3CED5DB614}"
EndProject
Global
	GlobalSection(SolutionConfigurationPlatforms) = preSolution
		Debug|Any CPU = Debug|Any CPU
		Release|Any CPU = Release|Any CPU
	EndGlobalSection
	GlobalSection(ProjectConfigurationPlatforms) = postSolution
		{1073D74D-5623-4E7A-8D6D-2C3CED5DB614}.Debug|Any CPU.ActiveCfg = Debug|Any CPU
		{1073D74D-5623-4E7A-8D6D-2C3CED5DB614}.Debug|Any CPU.Build.0 = Debug|Any CPU
		{1073D74D-5623-4E7A-8D6D-2C3CED5DB614}.Release|Any CPU.ActiveCfg = Release|Any CPU
		{1073D74D-5623-4E7A-8D6D-2C3CED5DB614}.Release|Any CPU.Build.0 = Release|Any CPU
	EndGlobalSection
	GlobalSection(SolutionProperties) = preSolution
		HideSolutionNode = FALSE
	EndGlobalSection
	GlobalSection(ExtensibilityGlobals) = postSolution
		SolutionGuid = {4B81449A-13D3-4CD2-816A-8364B483391E}
	EndGlobalSection
EndGlobal
