
Microsoft Visual Studio Solution File, Format Version 12.00
# Visual Studio Version 16
VisualStudioVersion = 16.0.32901.82
MinimumVisualStudioVersion = 10.0.40219.1
Project("{FAE04EC0-301F-11D3-BF4B-00C04F79EFBC}") = "ClassLibrary2", "ClassLibrary2\ClassLibrary2.csproj", "{4527248B-EF57-48D3-A7AE-D3FAB8A61678}"
EndProject
Project("{FAE04EC0-301F-11D3-BF4B-00C04F79EFBC}") = "Calculatetest", "Calculatetest\Calculatetest.csproj", "{2B9AB30D-C72C-493C-B3DC-3C79E3E92767}"
EndProject
Global
	GlobalSection(SolutionConfigurationPlatforms) = preSolution
		Debug|Any CPU = Debug|Any CPU
		Release|Any CPU = Release|Any CPU
	EndGlobalSection
	GlobalSection(ProjectConfigurationPlatforms) = postSolution
		{4527248B-EF57-48D3-A7AE-D3FAB8A61678}.Debug|Any CPU.ActiveCfg = Debug|Any CPU
		{4527248B-EF57-48D3-A7AE-D3FAB8A61678}.Debug|Any CPU.Build.0 = Debug|Any CPU
		{4527248B-EF57-48D3-A7AE-D3FAB8A61678}.Release|Any CPU.ActiveCfg = Release|Any CPU
		{4527248B-EF57-48D3-A7AE-D3FAB8A61678}.Release|Any CPU.Build.0 = Release|Any CPU
		{2B9AB30D-C72C-493C-B3DC-3C79E3E92767}.Debug|Any CPU.ActiveCfg = Debug|Any CPU
		{2B9AB30D-C72C-493C-B3DC-3C79E3E92767}.Debug|Any CPU.Build.0 = Debug|Any CPU
		{2B9AB30D-C72C-493C-B3DC-3C79E3E92767}.Release|Any CPU.ActiveCfg = Release|Any CPU
		{2B9AB30D-C72C-493C-B3DC-3C79E3E92767}.Release|Any CPU.Build.0 = Release|Any CPU
	EndGlobalSection
	GlobalSection(SolutionProperties) = preSolution
		HideSolutionNode = FALSE
	EndGlobalSection
	GlobalSection(ExtensibilityGlobals) = postSolution
		SolutionGuid = {10E0968D-2901-46DD-9FB7-A0B82A79120B}
	EndGlobalSection
EndGlobal
