
Microsoft Visual Studio Solution File, Format Version 12.00
# Visual Studio Version 16
VisualStudioVersion = 16.0.32901.82
MinimumVisualStudioVersion = 10.0.40219.1
Project("{FAE04EC0-301F-11D3-BF4B-00C04F79EFBC}") = "CodeFirstMigration", "CodeFirstMigration\CodeFirstMigration.csproj", "{756BA1A6-6E32-4ACC-B1A3-E03A960C377E}"
EndProject
Global
	GlobalSection(SolutionConfigurationPlatforms) = preSolution
		Debug|Any CPU = Debug|Any CPU
		Release|Any CPU = Release|Any CPU
	EndGlobalSection
	GlobalSection(ProjectConfigurationPlatforms) = postSolution
		{756BA1A6-6E32-4ACC-B1A3-E03A960C377E}.Debug|Any CPU.ActiveCfg = Debug|Any CPU
		{756BA1A6-6E32-4ACC-B1A3-E03A960C377E}.Debug|Any CPU.Build.0 = Debug|Any CPU
		{756BA1A6-6E32-4ACC-B1A3-E03A960C377E}.Release|Any CPU.ActiveCfg = Release|Any CPU
		{756BA1A6-6E32-4ACC-B1A3-E03A960C377E}.Release|Any CPU.Build.0 = Release|Any CPU
	EndGlobalSection
	GlobalSection(SolutionProperties) = preSolution
		HideSolutionNode = FALSE
	EndGlobalSection
	GlobalSection(ExtensibilityGlobals) = postSolution
		SolutionGuid = {10BCB232-5B2B-4FC1-ADE4-9DFE3BF72F41}
	EndGlobalSection
EndGlobal
